{
  "originHash" : "266edd4c791b7a69e231794480b9731c9b8bdeb6b0d59dad58d2868e821d775c",
  "pins" : [
    {
      "identity" : "opencv-package",
      "kind" : "remoteSourceControl",
      "location" : "https://github.com/PavelKoyushev/OpenCV-package",
      "state" : {
        "revision" : "188840907a4b9f71a50831e77eee32f80437ae4b",
        "version" : "1.0.0"
      }
    }
  ],
  "version" : 3
}
