{
  "originHash" : "ba4393ae4e122162f06e08678bafc10aafb504316f5bcbab0f9a1666d49b56dc",
  "pins" : [
    {
      "identity" : "opencv-package",
      "kind" : "remoteSourceControl",
      "location" : "https://github.com/PavelKoyushev/OpenCV-package",
      "state" : {
        "revision" : "911e70c27a5443ba40692ebcc6b7d927cc2fbc7b",
        "version" : "5.1.0"
      }
    }
  ],
  "version" : 3
}
